
Microsoft Visual Studio Solution File, Format Version 12.00
# Visual Studio Version 17
VisualStudioVersion = 17.3.32825.248
MinimumVisualStudioVersion = 10.0.40219.1
Project("{9A19103F-16F7-4668-BE54-9A1E7A4F7556}") = "HealthDataFinder.API", "HealthDataFinder.API\HealthDataFinder.API.csproj", "{933D6911-3DA5-43AF-8749-4BFFCD3127FA}"
EndProject
Project("{2150E333-8FDC-42A3-9474-1A3956D46DE8}") = "API", "API", "{F17AECEF-03FE-40EB-AECC-5D98FA6C0E29}"
EndProject
Project("{2150E333-8FDC-42A3-9474-1A3956D46DE8}") = "Core", "Core", "{CC87ACE9-EAF2-4C9A-9F31-4A38666F4AF8}"
EndProject
Project("{2150E333-8FDC-42A3-9474-1A3956D46DE8}") = "Infrastructure", "Infrastructure", "{20A758AF-FBD8-4BA5-9D5C-FFFC14E6C37A}"
EndProject
Project("{FAE04EC0-301F-11D3-BF4B-00C04F79EFBC}") = "HealthDataFinder.Application", "HealthDataFinder.Application\HealthDataFinder.Application.csproj", "{2D9B56BD-D3D6-4EB0-9AF8-D9469DD61FFD}"
EndProject
Project("{FAE04EC0-301F-11D3-BF4B-00C04F79EFBC}") = "HealthDataFinder.Domain", "HealthDataFinder.Domain\HealthDataFinder.Domain.csproj", "{CEF3E0E9-FF33-4503-9BCC-F2C1A3110A03}"
EndProject
Global
	GlobalSection(SolutionConfigurationPlatforms) = preSolution
		Debug|Any CPU = Debug|Any CPU
		Release|Any CPU = Release|Any CPU
	EndGlobalSection
	GlobalSection(ProjectConfigurationPlatforms) = postSolution
		{933D6911-3DA5-43AF-8749-4BFFCD3127FA}.Debug|Any CPU.ActiveCfg = Debug|Any CPU
		{933D6911-3DA5-43AF-8749-4BFFCD3127FA}.Debug|Any CPU.Build.0 = Debug|Any CPU
		{933D6911-3DA5-43AF-8749-4BFFCD3127FA}.Release|Any CPU.ActiveCfg = Release|Any CPU
		{933D6911-3DA5-43AF-8749-4BFFCD3127FA}.Release|Any CPU.Build.0 = Release|Any CPU
		{2D9B56BD-D3D6-4EB0-9AF8-D9469DD61FFD}.Debug|Any CPU.ActiveCfg = Debug|Any CPU
		{2D9B56BD-D3D6-4EB0-9AF8-D9469DD61FFD}.Debug|Any CPU.Build.0 = Debug|Any CPU
		{2D9B56BD-D3D6-4EB0-9AF8-D9469DD61FFD}.Release|Any CPU.ActiveCfg = Release|Any CPU
		{2D9B56BD-D3D6-4EB0-9AF8-D9469DD61FFD}.Release|Any CPU.Build.0 = Release|Any CPU
		{CEF3E0E9-FF33-4503-9BCC-F2C1A3110A03}.Debug|Any CPU.ActiveCfg = Debug|Any CPU
		{CEF3E0E9-FF33-4503-9BCC-F2C1A3110A03}.Debug|Any CPU.Build.0 = Debug|Any CPU
		{CEF3E0E9-FF33-4503-9BCC-F2C1A3110A03}.Release|Any CPU.ActiveCfg = Release|Any CPU
		{CEF3E0E9-FF33-4503-9BCC-F2C1A3110A03}.Release|Any CPU.Build.0 = Release|Any CPU
	EndGlobalSection
	GlobalSection(SolutionProperties) = preSolution
		HideSolutionNode = FALSE
	EndGlobalSection
	GlobalSection(NestedProjects) = preSolution
		{933D6911-3DA5-43AF-8749-4BFFCD3127FA} = {F17AECEF-03FE-40EB-AECC-5D98FA6C0E29}
		{2D9B56BD-D3D6-4EB0-9AF8-D9469DD61FFD} = {CC87ACE9-EAF2-4C9A-9F31-4A38666F4AF8}
		{CEF3E0E9-FF33-4503-9BCC-F2C1A3110A03} = {CC87ACE9-EAF2-4C9A-9F31-4A38666F4AF8}
	EndGlobalSection
	GlobalSection(ExtensibilityGlobals) = postSolution
		SolutionGuid = {5A6CA1B9-3202-49E4-8B55-054D5951DB16}
	EndGlobalSection
EndGlobal
