
Microsoft Visual Studio Solution File, Format Version 12.00
# Visual Studio Version 17
VisualStudioVersion = 17.3.32825.248
MinimumVisualStudioVersion = 10.0.40219.1
Project("{FAE04EC0-301F-11D3-BF4B-00C04F79EFBC}") = "HealthDataFinder.API", "HealthDataFinder.API\HealthDataFinder.API.csproj", "{933D6911-3DA5-43AF-8749-4BFFCD3127FA}"
EndProject
Global
	GlobalSection(SolutionConfigurationPlatforms) = preSolution
		Debug|Any CPU = Debug|Any CPU
		Release|Any CPU = Release|Any CPU
	EndGlobalSection
	GlobalSection(ProjectConfigurationPlatforms) = postSolution
		{933D6911-3DA5-43AF-8749-4BFFCD3127FA}.Debug|Any CPU.ActiveCfg = Debug|Any CPU
		{933D6911-3DA5-43AF-8749-4BFFCD3127FA}.Debug|Any CPU.Build.0 = Debug|Any CPU
		{933D6911-3DA5-43AF-8749-4BFFCD3127FA}.Release|Any CPU.ActiveCfg = Release|Any CPU
		{933D6911-3DA5-43AF-8749-4BFFCD3127FA}.Release|Any CPU.Build.0 = Release|Any CPU
	EndGlobalSection
	GlobalSection(SolutionProperties) = preSolution
		HideSolutionNode = FALSE
	EndGlobalSection
	GlobalSection(ExtensibilityGlobals) = postSolution
		SolutionGuid = {5A6CA1B9-3202-49E4-8B55-054D5951DB16}
	EndGlobalSection
EndGlobal
